
Microsoft Visual Studio Solution File, Format Version 12.00
# Visual Studio Version 17
VisualStudioVersion = 17.8.34322.80
MinimumVisualStudioVersion = 10.0.40219.1
Project("{2150E333-8FDC-42A3-9474-1A3956D46DE8}") = "ManagmentSystem", "ManagmentSystem", "{AC016E74-10A8-42B9-817A-76D6165B17AD}"
EndProject
Project("{2150E333-8FDC-42A3-9474-1A3956D46DE8}") = "MS.Domain", "MS.Domain", "{EC5DDE95-AC9D-451C-831A-EFC0C37A1832}"
EndProject
Project("{9A19103F-16F7-4668-BE54-9A1E7A4F7556}") = "ManagmentSystem.Domain", "ManagmentSystem.Domain\ManagmentSystem.Domain.csproj", "{767FEB2B-93C3-48EF-8B41-90288DC8AC2C}"
EndProject
Project("{9A19103F-16F7-4668-BE54-9A1E7A4F7556}") = "ZeroFramework", "ZeroFramework\ZeroFramework.csproj", "{CD8884CA-80D0-4450-8E1F-5087C6895325}"
EndProject
Project("{2150E333-8FDC-42A3-9474-1A3956D46DE8}") = "MS.Application", "MS.Application", "{69EDB5D4-32FC-48BA-8AFF-B46486D7A883}"
EndProject
Project("{2150E333-8FDC-42A3-9474-1A3956D46DE8}") = "Contracts", "Contracts", "{5AFE2AA0-DA96-4E54-B00F-AF5D5A7048A8}"
EndProject
Project("{2150E333-8FDC-42A3-9474-1A3956D46DE8}") = "Application", "Application", "{892B50F5-F073-4AF4-B9EA-E1AB1D767705}"
EndProject
Project("{9A19103F-16F7-4668-BE54-9A1E7A4F7556}") = "ManagmentSystem.Application.Contract", "ManagmentSystem.Application.Contract\ManagmentSystem.Application.Contract.csproj", "{8822390D-F39C-4FDD-AC15-50B19D780C44}"
EndProject
Project("{9A19103F-16F7-4668-BE54-9A1E7A4F7556}") = "ManagmentSystem.Application", "ManagmentSystem.Application\ManagmentSystem.Application.csproj", "{A7911937-8A61-4C56-83AD-E8BC92848156}"
EndProject
Project("{2150E333-8FDC-42A3-9474-1A3956D46DE8}") = "MS.Infrastructure", "MS.Infrastructure", "{21C7CD19-53D6-4FB0-8A33-E28D59569540}"
EndProject
Project("{2150E333-8FDC-42A3-9474-1A3956D46DE8}") = "Efcore", "Efcore", "{A28D5028-181C-49BD-8F54-2396043A33D3}"
EndProject
Project("{2150E333-8FDC-42A3-9474-1A3956D46DE8}") = "Configuration", "Configuration", "{A2A604B8-A1EA-4B82-8FF3-E6C38BD5A716}"
EndProject
Project("{9A19103F-16F7-4668-BE54-9A1E7A4F7556}") = "ManagmentSystem.Infrastructure.EfCore", "ManagmentSystem.Infrastructure.EfCore\ManagmentSystem.Infrastructure.EfCore.csproj", "{19FB58EC-91EA-4C30-A73C-FFC22B0724AD}"
EndProject
Project("{9A19103F-16F7-4668-BE54-9A1E7A4F7556}") = "ManagmentSystem.Configuration", "ManagmentSystem.Configuration\ManagmentSystem.Configuration.csproj", "{5C4DDE67-0AA8-486E-B4BE-563B5B417FF8}"
EndProject
Project("{9A19103F-16F7-4668-BE54-9A1E7A4F7556}") = "LanguageLandAcademy.Web", "LanguageLandAcademy.Web\LanguageLandAcademy.Web.csproj", "{B7534C73-E5EF-473D-88CF-E71E4E8D6B7C}"
EndProject
Project("{2150E333-8FDC-42A3-9474-1A3956D46DE8}") = "AccountManagment", "AccountManagment", "{0F079940-76BB-47B8-AE4A-FC8923B02004}"
EndProject
Project("{2150E333-8FDC-42A3-9474-1A3956D46DE8}") = "AM.Domain", "AM.Domain", "{571FFA87-58F4-4D1B-AB0B-466F22B3A5EA}"
EndProject
Project("{9A19103F-16F7-4668-BE54-9A1E7A4F7556}") = "AccountManagment.Domain", "AccountManagment.Domain\AccountManagment.Domain.csproj", "{20585BAF-22E5-4E49-9507-FD7CABD4ACA4}"
EndProject
Project("{2150E333-8FDC-42A3-9474-1A3956D46DE8}") = "AM.Application", "AM.Application", "{84D2D03F-E4E3-4CA2-9CE3-6ED720DC9451}"
EndProject
Project("{2150E333-8FDC-42A3-9474-1A3956D46DE8}") = "Application", "Application", "{87FD4EBB-C64A-4A35-B2FD-57CA5AC665E0}"
EndProject
Project("{2150E333-8FDC-42A3-9474-1A3956D46DE8}") = "Contracts", "Contracts", "{BD87B6B3-7D2F-4D3F-B96E-C66A3A295CE2}"
EndProject
Project("{9A19103F-16F7-4668-BE54-9A1E7A4F7556}") = "AccountManagment.Application.Contracts", "AccountManagment.Application.Contracts\AccountManagment.Application.Contracts.csproj", "{4553D51E-8F90-41D7-8C9A-EC9CA8A8E0B7}"
EndProject
Project("{9A19103F-16F7-4668-BE54-9A1E7A4F7556}") = "AccountManagment.Application", "AccountManagment.Application\AccountManagment.Application.csproj", "{6BC146A1-8E72-4646-9EAB-8FAE7F95D375}"
EndProject
Project("{2150E333-8FDC-42A3-9474-1A3956D46DE8}") = "AM.Infrastructure", "AM.Infrastructure", "{4D9E36F5-E1C2-45EC-BFAA-8840D2100777}"
EndProject
Project("{2150E333-8FDC-42A3-9474-1A3956D46DE8}") = "Configuration", "Configuration", "{3B2E250F-4342-4F47-9E14-A67E1805AFF2}"
EndProject
Project("{2150E333-8FDC-42A3-9474-1A3956D46DE8}") = "EfCore", "EfCore", "{18EF1959-F789-472B-9DB3-CBD175F57E68}"
EndProject
Project("{9A19103F-16F7-4668-BE54-9A1E7A4F7556}") = "AccountManagment.Infrastructure.EfCore", "AccountManagment.Infrastructure.EfCore\AccountManagment.Infrastructure.EfCore.csproj", "{C3B43B11-DC3C-4049-AD11-BB894AD7573B}"
EndProject
Project("{9A19103F-16F7-4668-BE54-9A1E7A4F7556}") = "AccountManagment.Configuration", "AccountManagment.Configuration\AccountManagment.Configuration.csproj", "{7D8D01E0-2944-4481-9D7D-836E7C7D06AA}"
EndProject
Project("{2150E333-8FDC-42A3-9474-1A3956D46DE8}") = "AM.Presentation", "AM.Presentation", "{0C98653D-2CC2-4977-AC55-DDF185F95C77}"
EndProject
Project("{9A19103F-16F7-4668-BE54-9A1E7A4F7556}") = "LLaQuery", "LLaQuery\LLaQuery.csproj", "{EC9A4179-6D5C-40E6-8175-F09C4369E2FB}"
EndProject
Project("{FAE04EC0-301F-11D3-BF4B-00C04F79EFBC}") = "AccountManagment.PresentaionApi", "AccountManagment.PresentaionApi\AccountManagment.PresentaionApi.csproj", "{BD0E05BD-B7D6-4291-AFBE-99B7EEF6712D}"
EndProject
Global
	GlobalSection(SolutionConfigurationPlatforms) = preSolution
		Debug|Any CPU = Debug|Any CPU
		Release|Any CPU = Release|Any CPU
	EndGlobalSection
	GlobalSection(ProjectConfigurationPlatforms) = postSolution
		{767FEB2B-93C3-48EF-8B41-90288DC8AC2C}.Debug|Any CPU.ActiveCfg = Debug|Any CPU
		{767FEB2B-93C3-48EF-8B41-90288DC8AC2C}.Debug|Any CPU.Build.0 = Debug|Any CPU
		{767FEB2B-93C3-48EF-8B41-90288DC8AC2C}.Release|Any CPU.ActiveCfg = Release|Any CPU
		{767FEB2B-93C3-48EF-8B41-90288DC8AC2C}.Release|Any CPU.Build.0 = Release|Any CPU
		{CD8884CA-80D0-4450-8E1F-5087C6895325}.Debug|Any CPU.ActiveCfg = Debug|Any CPU
		{CD8884CA-80D0-4450-8E1F-5087C6895325}.Debug|Any CPU.Build.0 = Debug|Any CPU
		{CD8884CA-80D0-4450-8E1F-5087C6895325}.Release|Any CPU.ActiveCfg = Release|Any CPU
		{CD8884CA-80D0-4450-8E1F-5087C6895325}.Release|Any CPU.Build.0 = Release|Any CPU
		{8822390D-F39C-4FDD-AC15-50B19D780C44}.Debug|Any CPU.ActiveCfg = Debug|Any CPU
		{8822390D-F39C-4FDD-AC15-50B19D780C44}.Debug|Any CPU.Build.0 = Debug|Any CPU
		{8822390D-F39C-4FDD-AC15-50B19D780C44}.Release|Any CPU.ActiveCfg = Release|Any CPU
		{8822390D-F39C-4FDD-AC15-50B19D780C44}.Release|Any CPU.Build.0 = Release|Any CPU
		{A7911937-8A61-4C56-83AD-E8BC92848156}.Debug|Any CPU.ActiveCfg = Debug|Any CPU
		{A7911937-8A61-4C56-83AD-E8BC92848156}.Debug|Any CPU.Build.0 = Debug|Any CPU
		{A7911937-8A61-4C56-83AD-E8BC92848156}.Release|Any CPU.ActiveCfg = Release|Any CPU
		{A7911937-8A61-4C56-83AD-E8BC92848156}.Release|Any CPU.Build.0 = Release|Any CPU
		{19FB58EC-91EA-4C30-A73C-FFC22B0724AD}.Debug|Any CPU.ActiveCfg = Debug|Any CPU
		{19FB58EC-91EA-4C30-A73C-FFC22B0724AD}.Debug|Any CPU.Build.0 = Debug|Any CPU
		{19FB58EC-91EA-4C30-A73C-FFC22B0724AD}.Release|Any CPU.ActiveCfg = Release|Any CPU
		{19FB58EC-91EA-4C30-A73C-FFC22B0724AD}.Release|Any CPU.Build.0 = Release|Any CPU
		{5C4DDE67-0AA8-486E-B4BE-563B5B417FF8}.Debug|Any CPU.ActiveCfg = Debug|Any CPU
		{5C4DDE67-0AA8-486E-B4BE-563B5B417FF8}.Debug|Any CPU.Build.0 = Debug|Any CPU
		{5C4DDE67-0AA8-486E-B4BE-563B5B417FF8}.Release|Any CPU.ActiveCfg = Release|Any CPU
		{5C4DDE67-0AA8-486E-B4BE-563B5B417FF8}.Release|Any CPU.Build.0 = Release|Any CPU
		{B7534C73-E5EF-473D-88CF-E71E4E8D6B7C}.Debug|Any CPU.ActiveCfg = Debug|Any CPU
		{B7534C73-E5EF-473D-88CF-E71E4E8D6B7C}.Debug|Any CPU.Build.0 = Debug|Any CPU
		{B7534C73-E5EF-473D-88CF-E71E4E8D6B7C}.Release|Any CPU.ActiveCfg = Release|Any CPU
		{B7534C73-E5EF-473D-88CF-E71E4E8D6B7C}.Release|Any CPU.Build.0 = Release|Any CPU
		{20585BAF-22E5-4E49-9507-FD7CABD4ACA4}.Debug|Any CPU.ActiveCfg = Debug|Any CPU
		{20585BAF-22E5-4E49-9507-FD7CABD4ACA4}.Debug|Any CPU.Build.0 = Debug|Any CPU
		{20585BAF-22E5-4E49-9507-FD7CABD4ACA4}.Release|Any CPU.ActiveCfg = Release|Any CPU
		{20585BAF-22E5-4E49-9507-FD7CABD4ACA4}.Release|Any CPU.Build.0 = Release|Any CPU
		{4553D51E-8F90-41D7-8C9A-EC9CA8A8E0B7}.Debug|Any CPU.ActiveCfg = Debug|Any CPU
		{4553D51E-8F90-41D7-8C9A-EC9CA8A8E0B7}.Debug|Any CPU.Build.0 = Debug|Any CPU
		{4553D51E-8F90-41D7-8C9A-EC9CA8A8E0B7}.Release|Any CPU.ActiveCfg = Release|Any CPU
		{4553D51E-8F90-41D7-8C9A-EC9CA8A8E0B7}.Release|Any CPU.Build.0 = Release|Any CPU
		{6BC146A1-8E72-4646-9EAB-8FAE7F95D375}.Debug|Any CPU.ActiveCfg = Debug|Any CPU
		{6BC146A1-8E72-4646-9EAB-8FAE7F95D375}.Debug|Any CPU.Build.0 = Debug|Any CPU
		{6BC146A1-8E72-4646-9EAB-8FAE7F95D375}.Release|Any CPU.ActiveCfg = Release|Any CPU
		{6BC146A1-8E72-4646-9EAB-8FAE7F95D375}.Release|Any CPU.Build.0 = Release|Any CPU
		{C3B43B11-DC3C-4049-AD11-BB894AD7573B}.Debug|Any CPU.ActiveCfg = Debug|Any CPU
		{C3B43B11-DC3C-4049-AD11-BB894AD7573B}.Debug|Any CPU.Build.0 = Debug|Any CPU
		{C3B43B11-DC3C-4049-AD11-BB894AD7573B}.Release|Any CPU.ActiveCfg = Release|Any CPU
		{C3B43B11-DC3C-4049-AD11-BB894AD7573B}.Release|Any CPU.Build.0 = Release|Any CPU
		{7D8D01E0-2944-4481-9D7D-836E7C7D06AA}.Debug|Any CPU.ActiveCfg = Debug|Any CPU
		{7D8D01E0-2944-4481-9D7D-836E7C7D06AA}.Debug|Any CPU.Build.0 = Debug|Any CPU
		{7D8D01E0-2944-4481-9D7D-836E7C7D06AA}.Release|Any CPU.ActiveCfg = Release|Any CPU
		{7D8D01E0-2944-4481-9D7D-836E7C7D06AA}.Release|Any CPU.Build.0 = Release|Any CPU
		{EC9A4179-6D5C-40E6-8175-F09C4369E2FB}.Debug|Any CPU.ActiveCfg = Debug|Any CPU
		{EC9A4179-6D5C-40E6-8175-F09C4369E2FB}.Debug|Any CPU.Build.0 = Debug|Any CPU
		{EC9A4179-6D5C-40E6-8175-F09C4369E2FB}.Release|Any CPU.ActiveCfg = Release|Any CPU
		{EC9A4179-6D5C-40E6-8175-F09C4369E2FB}.Release|Any CPU.Build.0 = Release|Any CPU
		{BD0E05BD-B7D6-4291-AFBE-99B7EEF6712D}.Debug|Any CPU.ActiveCfg = Debug|Any CPU
		{BD0E05BD-B7D6-4291-AFBE-99B7EEF6712D}.Debug|Any CPU.Build.0 = Debug|Any CPU
		{BD0E05BD-B7D6-4291-AFBE-99B7EEF6712D}.Release|Any CPU.ActiveCfg = Release|Any CPU
		{BD0E05BD-B7D6-4291-AFBE-99B7EEF6712D}.Release|Any CPU.Build.0 = Release|Any CPU
	EndGlobalSection
	GlobalSection(SolutionProperties) = preSolution
		HideSolutionNode = FALSE
	EndGlobalSection
	GlobalSection(NestedProjects) = preSolution
		{EC5DDE95-AC9D-451C-831A-EFC0C37A1832} = {AC016E74-10A8-42B9-817A-76D6165B17AD}
		{767FEB2B-93C3-48EF-8B41-90288DC8AC2C} = {EC5DDE95-AC9D-451C-831A-EFC0C37A1832}
		{69EDB5D4-32FC-48BA-8AFF-B46486D7A883} = {AC016E74-10A8-42B9-817A-76D6165B17AD}
		{5AFE2AA0-DA96-4E54-B00F-AF5D5A7048A8} = {69EDB5D4-32FC-48BA-8AFF-B46486D7A883}
		{892B50F5-F073-4AF4-B9EA-E1AB1D767705} = {69EDB5D4-32FC-48BA-8AFF-B46486D7A883}
		{8822390D-F39C-4FDD-AC15-50B19D780C44} = {5AFE2AA0-DA96-4E54-B00F-AF5D5A7048A8}
		{A7911937-8A61-4C56-83AD-E8BC92848156} = {892B50F5-F073-4AF4-B9EA-E1AB1D767705}
		{21C7CD19-53D6-4FB0-8A33-E28D59569540} = {AC016E74-10A8-42B9-817A-76D6165B17AD}
		{A28D5028-181C-49BD-8F54-2396043A33D3} = {21C7CD19-53D6-4FB0-8A33-E28D59569540}
		{A2A604B8-A1EA-4B82-8FF3-E6C38BD5A716} = {21C7CD19-53D6-4FB0-8A33-E28D59569540}
		{19FB58EC-91EA-4C30-A73C-FFC22B0724AD} = {A28D5028-181C-49BD-8F54-2396043A33D3}
		{5C4DDE67-0AA8-486E-B4BE-563B5B417FF8} = {A2A604B8-A1EA-4B82-8FF3-E6C38BD5A716}
		{571FFA87-58F4-4D1B-AB0B-466F22B3A5EA} = {0F079940-76BB-47B8-AE4A-FC8923B02004}
		{20585BAF-22E5-4E49-9507-FD7CABD4ACA4} = {571FFA87-58F4-4D1B-AB0B-466F22B3A5EA}
		{84D2D03F-E4E3-4CA2-9CE3-6ED720DC9451} = {0F079940-76BB-47B8-AE4A-FC8923B02004}
		{87FD4EBB-C64A-4A35-B2FD-57CA5AC665E0} = {84D2D03F-E4E3-4CA2-9CE3-6ED720DC9451}
		{BD87B6B3-7D2F-4D3F-B96E-C66A3A295CE2} = {84D2D03F-E4E3-4CA2-9CE3-6ED720DC9451}
		{4553D51E-8F90-41D7-8C9A-EC9CA8A8E0B7} = {BD87B6B3-7D2F-4D3F-B96E-C66A3A295CE2}
		{6BC146A1-8E72-4646-9EAB-8FAE7F95D375} = {87FD4EBB-C64A-4A35-B2FD-57CA5AC665E0}
		{4D9E36F5-E1C2-45EC-BFAA-8840D2100777} = {0F079940-76BB-47B8-AE4A-FC8923B02004}
		{3B2E250F-4342-4F47-9E14-A67E1805AFF2} = {4D9E36F5-E1C2-45EC-BFAA-8840D2100777}
		{18EF1959-F789-472B-9DB3-CBD175F57E68} = {4D9E36F5-E1C2-45EC-BFAA-8840D2100777}
		{C3B43B11-DC3C-4049-AD11-BB894AD7573B} = {18EF1959-F789-472B-9DB3-CBD175F57E68}
		{7D8D01E0-2944-4481-9D7D-836E7C7D06AA} = {3B2E250F-4342-4F47-9E14-A67E1805AFF2}
		{0C98653D-2CC2-4977-AC55-DDF185F95C77} = {0F079940-76BB-47B8-AE4A-FC8923B02004}
		{BD0E05BD-B7D6-4291-AFBE-99B7EEF6712D} = {0C98653D-2CC2-4977-AC55-DDF185F95C77}
	EndGlobalSection
	GlobalSection(ExtensibilityGlobals) = postSolution
		SolutionGuid = {F3308158-8F11-40CD-BE82-72400E1AC009}
	EndGlobalSection
EndGlobal
